
Microsoft Visual Studio Solution File, Format Version 12.00
# Visual Studio Version 16
VisualStudioVersion = 16.0.29806.167
MinimumVisualStudioVersion = 10.0.40219.1
Project("{FAE04EC0-301F-11D3-BF4B-00C04F79EFBC}") = "UP12", "UP12\UP12.csproj", "{57856C51-BC95-475F-AB2E-E42E0F68156A}"
EndProject
Project("{FAE04EC0-301F-11D3-BF4B-00C04F79EFBC}") = "classLibraryUP12", "classLibraryUP12\classLibraryUP12.csproj", "{07AB025B-3EDD-49C7-A33D-7A9D8B782989}"
EndProject
Global
	GlobalSection(SolutionConfigurationPlatforms) = preSolution
		Debug|Any CPU = Debug|Any CPU
		Release|Any CPU = Release|Any CPU
	EndGlobalSection
	GlobalSection(ProjectConfigurationPlatforms) = postSolution
		{57856C51-BC95-475F-AB2E-E42E0F68156A}.Debug|Any CPU.ActiveCfg = Debug|Any CPU
		{57856C51-BC95-475F-AB2E-E42E0F68156A}.Debug|Any CPU.Build.0 = Debug|Any CPU
		{57856C51-BC95-475F-AB2E-E42E0F68156A}.Release|Any CPU.ActiveCfg = Release|Any CPU
		{57856C51-BC95-475F-AB2E-E42E0F68156A}.Release|Any CPU.Build.0 = Release|Any CPU
		{07AB025B-3EDD-49C7-A33D-7A9D8B782989}.Debug|Any CPU.ActiveCfg = Debug|Any CPU
		{07AB025B-3EDD-49C7-A33D-7A9D8B782989}.Debug|Any CPU.Build.0 = Debug|Any CPU
		{07AB025B-3EDD-49C7-A33D-7A9D8B782989}.Release|Any CPU.ActiveCfg = Release|Any CPU
		{07AB025B-3EDD-49C7-A33D-7A9D8B782989}.Release|Any CPU.Build.0 = Release|Any CPU
	EndGlobalSection
	GlobalSection(SolutionProperties) = preSolution
		HideSolutionNode = FALSE
	EndGlobalSection
	GlobalSection(ExtensibilityGlobals) = postSolution
		SolutionGuid = {C0D4E273-CB23-4E69-BA29-EA7408390F2E}
	EndGlobalSection
EndGlobal
