
Microsoft Visual Studio Solution File, Format Version 12.00
# Visual Studio Version 16
VisualStudioVersion = 16.0.29215.179
MinimumVisualStudioVersion = 10.0.40219.1
Project("{FAE04EC0-301F-11D3-BF4B-00C04F79EFBC}") = "Laba3_1", "Laba3_1\Laba3_1.csproj", "{9322D4CE-641C-4541-A13F-CEB04D14E50F}"
EndProject
Project("{FAE04EC0-301F-11D3-BF4B-00C04F79EFBC}") = "laba3attempt", "laba3attempt\laba3attempt.csproj", "{B949A888-446E-415C-A9F4-3FE38443D9BF}"
EndProject
Global
	GlobalSection(SolutionConfigurationPlatforms) = preSolution
		Debug|Any CPU = Debug|Any CPU
		Release|Any CPU = Release|Any CPU
	EndGlobalSection
	GlobalSection(ProjectConfigurationPlatforms) = postSolution
		{9322D4CE-641C-4541-A13F-CEB04D14E50F}.Debug|Any CPU.ActiveCfg = Debug|Any CPU
		{9322D4CE-641C-4541-A13F-CEB04D14E50F}.Debug|Any CPU.Build.0 = Debug|Any CPU
		{9322D4CE-641C-4541-A13F-CEB04D14E50F}.Release|Any CPU.ActiveCfg = Release|Any CPU
		{9322D4CE-641C-4541-A13F-CEB04D14E50F}.Release|Any CPU.Build.0 = Release|Any CPU
		{B949A888-446E-415C-A9F4-3FE38443D9BF}.Debug|Any CPU.ActiveCfg = Debug|Any CPU
		{B949A888-446E-415C-A9F4-3FE38443D9BF}.Debug|Any CPU.Build.0 = Debug|Any CPU
		{B949A888-446E-415C-A9F4-3FE38443D9BF}.Release|Any CPU.ActiveCfg = Release|Any CPU
		{B949A888-446E-415C-A9F4-3FE38443D9BF}.Release|Any CPU.Build.0 = Release|Any CPU
	EndGlobalSection
	GlobalSection(SolutionProperties) = preSolution
		HideSolutionNode = FALSE
	EndGlobalSection
	GlobalSection(ExtensibilityGlobals) = postSolution
		SolutionGuid = {6FAC13C4-366E-49B3-9369-15C9D8C12F3C}
	EndGlobalSection
EndGlobal
