
Microsoft Visual Studio Solution File, Format Version 12.00
# Visual Studio Version 16
VisualStudioVersion = 16.0.29215.179
MinimumVisualStudioVersion = 10.0.40219.1
Project("{FAE04EC0-301F-11D3-BF4B-00C04F79EFBC}") = "laba1", "laba1\laba1.csproj", "{99BE70E3-4BB7-4406-A691-670E392E27BA}"
EndProject
Global
	GlobalSection(SolutionConfigurationPlatforms) = preSolution
		Debug|Any CPU = Debug|Any CPU
		Release|Any CPU = Release|Any CPU
	EndGlobalSection
	GlobalSection(ProjectConfigurationPlatforms) = postSolution
		{99BE70E3-4BB7-4406-A691-670E392E27BA}.Debug|Any CPU.ActiveCfg = Debug|Any CPU
		{99BE70E3-4BB7-4406-A691-670E392E27BA}.Debug|Any CPU.Build.0 = Debug|Any CPU
		{99BE70E3-4BB7-4406-A691-670E392E27BA}.Release|Any CPU.ActiveCfg = Release|Any CPU
		{99BE70E3-4BB7-4406-A691-670E392E27BA}.Release|Any CPU.Build.0 = Release|Any CPU
	EndGlobalSection
	GlobalSection(SolutionProperties) = preSolution
		HideSolutionNode = FALSE
	EndGlobalSection
	GlobalSection(ExtensibilityGlobals) = postSolution
		SolutionGuid = {C408315B-9F59-4C7A-8AFC-BBF0BDAB172A}
	EndGlobalSection
EndGlobal
