
Microsoft Visual Studio Solution File, Format Version 12.00
# Visual Studio Version 16
VisualStudioVersion = 16.0.29728.190
MinimumVisualStudioVersion = 10.0.40219.1
Project("{FAE04EC0-301F-11D3-BF4B-00C04F79EFBC}") = "YP_11", "YP_11\YP_11.csproj", "{F27CF2FD-141C-4FB9-94CD-ED51400903EA}"
EndProject
Global
	GlobalSection(SolutionConfigurationPlatforms) = preSolution
		Debug|Any CPU = Debug|Any CPU
		Release|Any CPU = Release|Any CPU
	EndGlobalSection
	GlobalSection(ProjectConfigurationPlatforms) = postSolution
		{F27CF2FD-141C-4FB9-94CD-ED51400903EA}.Debug|Any CPU.ActiveCfg = Debug|Any CPU
		{F27CF2FD-141C-4FB9-94CD-ED51400903EA}.Debug|Any CPU.Build.0 = Debug|Any CPU
		{F27CF2FD-141C-4FB9-94CD-ED51400903EA}.Release|Any CPU.ActiveCfg = Release|Any CPU
		{F27CF2FD-141C-4FB9-94CD-ED51400903EA}.Release|Any CPU.Build.0 = Release|Any CPU
	EndGlobalSection
	GlobalSection(SolutionProperties) = preSolution
		HideSolutionNode = FALSE
	EndGlobalSection
	GlobalSection(ExtensibilityGlobals) = postSolution
		SolutionGuid = {CC8251D5-B8D6-47E3-A664-14DF7DB9B342}
	EndGlobalSection
EndGlobal
