
Microsoft Visual Studio Solution File, Format Version 12.00
# Visual Studio Version 16
VisualStudioVersion = 16.0.29215.179
MinimumVisualStudioVersion = 10.0.40219.1
Project("{FAE04EC0-301F-11D3-BF4B-00C04F79EFBC}") = "MassivMatrix", "cons\MassivMatrix.csproj", "{2FC8744F-62B9-46BC-845C-ABF0CA273985}"
EndProject
Project("{FAE04EC0-301F-11D3-BF4B-00C04F79EFBC}") = "Laba5_1", "Laba5_1\Laba5_1.csproj", "{5A769B31-8C9B-4E88-94AE-D3A548C547A1}"
EndProject
Project("{FAE04EC0-301F-11D3-BF4B-00C04F79EFBC}") = "Matrix", "D:\Documents\КПиЯП\Лекции\Matrix\Matrix\Matrix.csproj", "{08FEC34E-52BA-4291-8A6A-C83118F33043}"
EndProject
Project("{FAE04EC0-301F-11D3-BF4B-00C04F79EFBC}") = "Laba5_2", "Laba5_2\Laba5_2.csproj", "{12E4DD86-FAAA-4A3F-B709-BF1374034BE9}"
EndProject
Project("{FAE04EC0-301F-11D3-BF4B-00C04F79EFBC}") = "LekciaMassZadanie3", "LekciaMassZadanie3\LekciaMassZadanie3.csproj", "{45D73C05-EA1D-4B5B-8FCC-6533C6C28E61}"
EndProject
Project("{FAE04EC0-301F-11D3-BF4B-00C04F79EFBC}") = "Theory5_2", "Theory5_2\Theory5_2.csproj", "{BFF127BA-B143-4BA9-ADC8-058DACB65907}"
EndProject
Project("{FAE04EC0-301F-11D3-BF4B-00C04F79EFBC}") = "test", "test\test.csproj", "{0B91DDEE-77B1-47D5-B280-2E4106A7967D}"
EndProject
Global
	GlobalSection(SolutionConfigurationPlatforms) = preSolution
		Debug|Any CPU = Debug|Any CPU
		Release|Any CPU = Release|Any CPU
	EndGlobalSection
	GlobalSection(ProjectConfigurationPlatforms) = postSolution
		{2FC8744F-62B9-46BC-845C-ABF0CA273985}.Debug|Any CPU.ActiveCfg = Debug|Any CPU
		{2FC8744F-62B9-46BC-845C-ABF0CA273985}.Debug|Any CPU.Build.0 = Debug|Any CPU
		{2FC8744F-62B9-46BC-845C-ABF0CA273985}.Release|Any CPU.ActiveCfg = Release|Any CPU
		{2FC8744F-62B9-46BC-845C-ABF0CA273985}.Release|Any CPU.Build.0 = Release|Any CPU
		{5A769B31-8C9B-4E88-94AE-D3A548C547A1}.Debug|Any CPU.ActiveCfg = Debug|Any CPU
		{5A769B31-8C9B-4E88-94AE-D3A548C547A1}.Debug|Any CPU.Build.0 = Debug|Any CPU
		{5A769B31-8C9B-4E88-94AE-D3A548C547A1}.Release|Any CPU.ActiveCfg = Release|Any CPU
		{5A769B31-8C9B-4E88-94AE-D3A548C547A1}.Release|Any CPU.Build.0 = Release|Any CPU
		{08FEC34E-52BA-4291-8A6A-C83118F33043}.Debug|Any CPU.ActiveCfg = Debug|Any CPU
		{08FEC34E-52BA-4291-8A6A-C83118F33043}.Debug|Any CPU.Build.0 = Debug|Any CPU
		{08FEC34E-52BA-4291-8A6A-C83118F33043}.Release|Any CPU.ActiveCfg = Release|Any CPU
		{08FEC34E-52BA-4291-8A6A-C83118F33043}.Release|Any CPU.Build.0 = Release|Any CPU
		{12E4DD86-FAAA-4A3F-B709-BF1374034BE9}.Debug|Any CPU.ActiveCfg = Debug|Any CPU
		{12E4DD86-FAAA-4A3F-B709-BF1374034BE9}.Debug|Any CPU.Build.0 = Debug|Any CPU
		{12E4DD86-FAAA-4A3F-B709-BF1374034BE9}.Release|Any CPU.ActiveCfg = Release|Any CPU
		{12E4DD86-FAAA-4A3F-B709-BF1374034BE9}.Release|Any CPU.Build.0 = Release|Any CPU
		{45D73C05-EA1D-4B5B-8FCC-6533C6C28E61}.Debug|Any CPU.ActiveCfg = Debug|Any CPU
		{45D73C05-EA1D-4B5B-8FCC-6533C6C28E61}.Debug|Any CPU.Build.0 = Debug|Any CPU
		{45D73C05-EA1D-4B5B-8FCC-6533C6C28E61}.Release|Any CPU.ActiveCfg = Release|Any CPU
		{45D73C05-EA1D-4B5B-8FCC-6533C6C28E61}.Release|Any CPU.Build.0 = Release|Any CPU
		{BFF127BA-B143-4BA9-ADC8-058DACB65907}.Debug|Any CPU.ActiveCfg = Debug|Any CPU
		{BFF127BA-B143-4BA9-ADC8-058DACB65907}.Debug|Any CPU.Build.0 = Debug|Any CPU
		{BFF127BA-B143-4BA9-ADC8-058DACB65907}.Release|Any CPU.ActiveCfg = Release|Any CPU
		{BFF127BA-B143-4BA9-ADC8-058DACB65907}.Release|Any CPU.Build.0 = Release|Any CPU
		{0B91DDEE-77B1-47D5-B280-2E4106A7967D}.Debug|Any CPU.ActiveCfg = Debug|Any CPU
		{0B91DDEE-77B1-47D5-B280-2E4106A7967D}.Debug|Any CPU.Build.0 = Debug|Any CPU
		{0B91DDEE-77B1-47D5-B280-2E4106A7967D}.Release|Any CPU.ActiveCfg = Release|Any CPU
		{0B91DDEE-77B1-47D5-B280-2E4106A7967D}.Release|Any CPU.Build.0 = Release|Any CPU
	EndGlobalSection
	GlobalSection(SolutionProperties) = preSolution
		HideSolutionNode = FALSE
	EndGlobalSection
	GlobalSection(ExtensibilityGlobals) = postSolution
		SolutionGuid = {2B7021B2-6BCB-4CAB-99A6-F7B85F0A49C2}
	EndGlobalSection
EndGlobal
