
Microsoft Visual Studio Solution File, Format Version 12.00
# Visual Studio Version 16
VisualStudioVersion = 16.0.29424.173
MinimumVisualStudioVersion = 10.0.40219.1
Project("{FAE04EC0-301F-11D3-BF4B-00C04F79EFBC}") = "TestLibrary", "TestLibrary\TestLibrary.csproj", "{EB028CDB-2DEE-479D-896F-38423164F72C}"
EndProject
Project("{FAE04EC0-301F-11D3-BF4B-00C04F79EFBC}") = "Library", "..\MyLibrary\Library\Library.csproj", "{E0087E42-FA65-4A59-B183-FE551E2ABEE1}"
EndProject
Global
	GlobalSection(SolutionConfigurationPlatforms) = preSolution
		Debug|Any CPU = Debug|Any CPU
		Release|Any CPU = Release|Any CPU
	EndGlobalSection
	GlobalSection(ProjectConfigurationPlatforms) = postSolution
		{EB028CDB-2DEE-479D-896F-38423164F72C}.Debug|Any CPU.ActiveCfg = Debug|Any CPU
		{EB028CDB-2DEE-479D-896F-38423164F72C}.Debug|Any CPU.Build.0 = Debug|Any CPU
		{EB028CDB-2DEE-479D-896F-38423164F72C}.Release|Any CPU.ActiveCfg = Release|Any CPU
		{EB028CDB-2DEE-479D-896F-38423164F72C}.Release|Any CPU.Build.0 = Release|Any CPU
		{E0087E42-FA65-4A59-B183-FE551E2ABEE1}.Debug|Any CPU.ActiveCfg = Debug|Any CPU
		{E0087E42-FA65-4A59-B183-FE551E2ABEE1}.Debug|Any CPU.Build.0 = Debug|Any CPU
		{E0087E42-FA65-4A59-B183-FE551E2ABEE1}.Release|Any CPU.ActiveCfg = Release|Any CPU
		{E0087E42-FA65-4A59-B183-FE551E2ABEE1}.Release|Any CPU.Build.0 = Release|Any CPU
	EndGlobalSection
	GlobalSection(SolutionProperties) = preSolution
		HideSolutionNode = FALSE
	EndGlobalSection
	GlobalSection(ExtensibilityGlobals) = postSolution
		SolutionGuid = {6AB606A2-5D51-43FC-A200-79126AA2A62C}
	EndGlobalSection
EndGlobal
