
Microsoft Visual Studio Solution File, Format Version 12.00
# Visual Studio Version 16
VisualStudioVersion = 16.0.30011.22
MinimumVisualStudioVersion = 10.0.40219.1
Project("{FAE04EC0-301F-11D3-BF4B-00C04F79EFBC}") = "Laba26_PlugLevel", "Laba26_PlugLevel\Laba26_PlugLevel.csproj", "{ABDEE265-13E7-441E-9032-BC0762A21216}"
EndProject
Global
	GlobalSection(SolutionConfigurationPlatforms) = preSolution
		Debug|Any CPU = Debug|Any CPU
		Release|Any CPU = Release|Any CPU
	EndGlobalSection
	GlobalSection(ProjectConfigurationPlatforms) = postSolution
		{ABDEE265-13E7-441E-9032-BC0762A21216}.Debug|Any CPU.ActiveCfg = Debug|Any CPU
		{ABDEE265-13E7-441E-9032-BC0762A21216}.Debug|Any CPU.Build.0 = Debug|Any CPU
		{ABDEE265-13E7-441E-9032-BC0762A21216}.Release|Any CPU.ActiveCfg = Release|Any CPU
		{ABDEE265-13E7-441E-9032-BC0762A21216}.Release|Any CPU.Build.0 = Release|Any CPU
	EndGlobalSection
	GlobalSection(SolutionProperties) = preSolution
		HideSolutionNode = FALSE
	EndGlobalSection
	GlobalSection(ExtensibilityGlobals) = postSolution
		SolutionGuid = {F48220B2-8BF5-4D41-BE38-0871EC46B4EE}
	EndGlobalSection
EndGlobal
