
Microsoft Visual Studio Solution File, Format Version 12.00
# Visual Studio Version 16
VisualStudioVersion = 16.0.29418.71
MinimumVisualStudioVersion = 10.0.40219.1
Project("{FAE04EC0-301F-11D3-BF4B-00C04F79EFBC}") = "DZ_oper++", "DZ_oper++\DZ_oper++.csproj", "{8071C177-61C9-48DA-AC4E-08DDD785681F}"
EndProject
Global
	GlobalSection(SolutionConfigurationPlatforms) = preSolution
		Debug|Any CPU = Debug|Any CPU
		Release|Any CPU = Release|Any CPU
	EndGlobalSection
	GlobalSection(ProjectConfigurationPlatforms) = postSolution
		{8071C177-61C9-48DA-AC4E-08DDD785681F}.Debug|Any CPU.ActiveCfg = Debug|Any CPU
		{8071C177-61C9-48DA-AC4E-08DDD785681F}.Debug|Any CPU.Build.0 = Debug|Any CPU
		{8071C177-61C9-48DA-AC4E-08DDD785681F}.Release|Any CPU.ActiveCfg = Release|Any CPU
		{8071C177-61C9-48DA-AC4E-08DDD785681F}.Release|Any CPU.Build.0 = Release|Any CPU
	EndGlobalSection
	GlobalSection(SolutionProperties) = preSolution
		HideSolutionNode = FALSE
	EndGlobalSection
	GlobalSection(ExtensibilityGlobals) = postSolution
		SolutionGuid = {8B61ED23-BAF8-4A29-ACA2-F1FD87796B14}
	EndGlobalSection
EndGlobal
