
Microsoft Visual Studio Solution File, Format Version 12.00
# Visual Studio Version 16
VisualStudioVersion = 16.0.29709.97
MinimumVisualStudioVersion = 10.0.40219.1
Project("{FAE04EC0-301F-11D3-BF4B-00C04F79EFBC}") = "combinatorics", "combinatorics\combinatorics.csproj", "{F52DBF5F-8A02-4B33-BFF7-59007C13E144}"
EndProject
Global
	GlobalSection(SolutionConfigurationPlatforms) = preSolution
		Debug|Any CPU = Debug|Any CPU
		Release|Any CPU = Release|Any CPU
	EndGlobalSection
	GlobalSection(ProjectConfigurationPlatforms) = postSolution
		{F52DBF5F-8A02-4B33-BFF7-59007C13E144}.Debug|Any CPU.ActiveCfg = Debug|Any CPU
		{F52DBF5F-8A02-4B33-BFF7-59007C13E144}.Debug|Any CPU.Build.0 = Debug|Any CPU
		{F52DBF5F-8A02-4B33-BFF7-59007C13E144}.Release|Any CPU.ActiveCfg = Release|Any CPU
		{F52DBF5F-8A02-4B33-BFF7-59007C13E144}.Release|Any CPU.Build.0 = Release|Any CPU
	EndGlobalSection
	GlobalSection(SolutionProperties) = preSolution
		HideSolutionNode = FALSE
	EndGlobalSection
	GlobalSection(ExtensibilityGlobals) = postSolution
		SolutionGuid = {0AD0B374-1DD0-48DE-BADA-53FC191D4090}
	EndGlobalSection
EndGlobal
